// !$*UTF8*$!
{
	archiveVersion = 1;
	classes = {
	};
	objectVersion = 56;
	objects = {

/* Begin PBXBuildFile section */
		AB0000000000000000000001 /* PyramidApp.swift in Sources */ = {isa = PBXBuildFile; fileRef = AB0000000000000000000016 /* PyramidApp.swift */; };
		AB0000000000000000000002 /* ContentView.swift in Sources */ = {isa = PBXBuildFile; fileRef = AB0000000000000000000017 /* ContentView.swift */; };
		AB0000000000000000000003 /* Assets.xcassets in Resources */ = {isa = PBXBuildFile; fileRef = AB0000000000000000000018 /* Assets.xcassets */; };
		AB0000000000000000000004 /* AppSettings.swift in Sources */ = {isa = PBXBuildFile; fileRef = AB0000000000000000000019 /* AppSettings.swift */; };
		AB0000000000000000000005 /* ChatMessage.swift in Sources */ = {isa = PBXBuildFile; fileRef = AB000000000000000000001A /* ChatMessage.swift */; };
		AB0000000000000000000006 /* ChatCompletionResponse.swift in Sources */ = {isa = PBXBuildFile; fileRef = AB000000000000000000001B /* ChatCompletionResponse.swift */; };
		AB0000000000000000000007 /* OpenAIClient.swift in Sources */ = {isa = PBXBuildFile; fileRef = AB000000000000000000001C /* OpenAIClient.swift */; };
		AB0000000000000000000008 /* ChatViewModel.swift in Sources */ = {isa = PBXBuildFile; fileRef = AB000000000000000000001D /* ChatViewModel.swift */; };
		AB0000000000000000000009 /* ChatView.swift in Sources */ = {isa = PBXBuildFile; fileRef = AB000000000000000000001E /* ChatView.swift */; };
		AB000000000000000000000A /* SettingsView.swift in Sources */ = {isa = PBXBuildFile; fileRef = AB000000000000000000001F /* SettingsView.swift */; };
		AB000000000000000000000B /* ChatSession.swift in Sources */ = {isa = PBXBuildFile; fileRef = AB0000000000000000000020 /* ChatSession.swift */; };
		AB000000000000000000000C /* ChatStore.swift in Sources */ = {isa = PBXBuildFile; fileRef = AB0000000000000000000021 /* ChatStore.swift */; };
		AB000000000000000000000D /* SessionListView.swift in Sources */ = {isa = PBXBuildFile; fileRef = AB0000000000000000000022 /* SessionListView.swift */; };
		AB000000000000000000000E /* WorldBookEntry.swift in Sources */ = {isa = PBXBuildFile; fileRef = AB0000000000000000000023 /* WorldBookEntry.swift */; };
		AB000000000000000000000F /* WorldBookStore.swift in Sources */ = {isa = PBXBuildFile; fileRef = AB0000000000000000000024 /* WorldBookStore.swift */; };
		AB0000000000000000000010 /* WorldBookService.swift in Sources */ = {isa = PBXBuildFile; fileRef = AB0000000000000000000025 /* WorldBookService.swift */; };
		AB0000000000000000000011 /* WorldBookView.swift in Sources */ = {isa = PBXBuildFile; fileRef = AB0000000000000000000026 /* WorldBookView.swift */; };
		AB0000000000000000000012 /* WorldBookEditView.swift in Sources */ = {isa = PBXBuildFile; fileRef = AB0000000000000000000027 /* WorldBookEditView.swift */; };
		AB0000000000000000000013 /* WorldBook.swift in Sources */ = {isa = PBXBuildFile; fileRef = AB0000000000000000000028 /* WorldBook.swift */; };
		AB0000000000000000000014 /* SessionDetailView.swift in Sources */ = {isa = PBXBuildFile; fileRef = AB0000000000000000000029 /* SessionDetailView.swift */; };
		AB0000000000000000000101 /* Preset.swift in Sources */ = {isa = PBXBuildFile; fileRef = AB0000000000000000000104 /* Preset.swift */; };
		AB0000000000000000000102 /* PresetStore.swift in Sources */ = {isa = PBXBuildFile; fileRef = AB0000000000000000000105 /* PresetStore.swift */; };
		AB0000000000000000000103 /* PresetListView.swift in Sources */ = {isa = PBXBuildFile; fileRef = AB0000000000000000000106 /* PresetListView.swift */; };
		AB0000000000000000000107 /* KeyboardDismiss.swift in Sources */ = {isa = PBXBuildFile; fileRef = AB0000000000000000000108 /* KeyboardDismiss.swift */; };
		AB0000000000000000000201 /* Character.swift in Sources */ = {isa = PBXBuildFile; fileRef = AB0000000000000000000205 /* Character.swift */; };
		AB0000000000000000000202 /* CharacterStore.swift in Sources */ = {isa = PBXBuildFile; fileRef = AB0000000000000000000206 /* CharacterStore.swift */; };
		AB0000000000000000000203 /* CharacterListView.swift in Sources */ = {isa = PBXBuildFile; fileRef = AB0000000000000000000207 /* CharacterListView.swift */; };
		AB0000000000000000000204 /* AvatarView.swift in Sources */ = {isa = PBXBuildFile; fileRef = AB0000000000000000000208 /* AvatarView.swift */; };
		AB0000000000000000000209 /* ContextTrimMode.swift in Sources */ = {isa = PBXBuildFile; fileRef = AB000000000000000000020A /* ContextTrimMode.swift */; };
		AB000000000000000000020B /* MarkdownTextView.swift in Sources */ = {isa = PBXBuildFile; fileRef = AB0000000000000000000210 /* MarkdownTextView.swift */; };
		AB000000000000000000020C /* MessageCard.swift in Sources */ = {isa = PBXBuildFile; fileRef = AB0000000000000000000211 /* MessageCard.swift */; };
		AB000000000000000000020D /* CharacterGreetingSheet.swift in Sources */ = {isa = PBXBuildFile; fileRef = AB0000000000000000000212 /* CharacterGreetingSheet.swift */; };
		AB000000000000000000020E /* EditMessageSheet.swift in Sources */ = {isa = PBXBuildFile; fileRef = AB0000000000000000000213 /* EditMessageSheet.swift */; };
		AB000000000000000000020F /* NewSessionWithCharacterSheet.swift in Sources */ = {isa = PBXBuildFile; fileRef = AB0000000000000000000214 /* NewSessionWithCharacterSheet.swift */; };
		AB0000000000000000000215 /* MessageRenderer.swift in Sources */ = {isa = PBXBuildFile; fileRef = AB000000000000000000021F /* MessageRenderer.swift */; };
		AB0000000000000000000216 /* DisplayRegex.swift in Sources */ = {isa = PBXBuildFile; fileRef = AB0000000000000000000220 /* DisplayRegex.swift */; };
		AB0000000000000000000217 /* MacroExpander.swift in Sources */ = {isa = PBXBuildFile; fileRef = AB0000000000000000000221 /* MacroExpander.swift */; };
		AB0000000000000000000282 /* SillyTavernRegexScript.swift in Sources */ = {isa = PBXBuildFile; fileRef = AB0000000000000000000283 /* SillyTavernRegexScript.swift */; };
		AB0000000000000000000290 /* MessageRendererCore.swift in Sources */ = {isa = PBXBuildFile; fileRef = AB0000000000000000000291 /* MessageRendererCore.swift */; };
		AB0000000000000000000292 /* RenderEngine.swift in Sources */ = {isa = PBXBuildFile; fileRef = AB0000000000000000000293 /* RenderEngine.swift */; };
		AB0000000000000000000294 /* RenderInspectorView.swift in Sources */ = {isa = PBXBuildFile; fileRef = AB0000000000000000000295 /* RenderInspectorView.swift */; };
		AB0000000000000000000280 /* AvatarImageCache.swift in Sources */ = {isa = PBXBuildFile; fileRef = AB0000000000000000000281 /* AvatarImageCache.swift */; };
		AB0000000000000000000218 /* DisplayRegexListView.swift in Sources */ = {isa = PBXBuildFile; fileRef = AB0000000000000000000222 /* DisplayRegexListView.swift */; };
		AB00000000000000000000A2 /* ImportSupport.swift in Sources */ = {isa = PBXBuildFile; fileRef = AB00000000000000000000A1 /* ImportSupport.swift */; };
		AB00000000000000000000A4 /* DocumentPicker.swift in Sources */ = {isa = PBXBuildFile; fileRef = AB00000000000000000000A3 /* DocumentPicker.swift */; };
		AB00000000000000000000A6 /* BackupService.swift in Sources */ = {isa = PBXBuildFile; fileRef = AB00000000000000000000A5 /* BackupService.swift */; };
/* End PBXBuildFile section */

/* Begin PBXFileReference section */
		AB0000000000000000000015 /* Pyramid.app */ = {isa = PBXFileReference; explicitFileType = wrapper.application; includeInIndex = 0; path = Pyramid.app; sourceTree = BUILT_PRODUCTS_DIR; };
		AB0000000000000000000016 /* PyramidApp.swift */ = {isa = PBXFileReference; lastKnownFileType = sourcecode.swift; path = PyramidApp.swift; sourceTree = "<group>"; };
		AB0000000000000000000017 /* ContentView.swift */ = {isa = PBXFileReference; lastKnownFileType = sourcecode.swift; path = ContentView.swift; sourceTree = "<group>"; };
		AB0000000000000000000018 /* Assets.xcassets */ = {isa = PBXFileReference; lastKnownFileType = folder.assetcatalog; path = Assets.xcassets; sourceTree = "<group>"; };
		AB0000000000000000000019 /* AppSettings.swift */ = {isa = PBXFileReference; lastKnownFileType = sourcecode.swift; path = AppSettings.swift; sourceTree = "<group>"; };
		AB000000000000000000001A /* ChatMessage.swift */ = {isa = PBXFileReference; lastKnownFileType = sourcecode.swift; path = ChatMessage.swift; sourceTree = "<group>"; };
		AB000000000000000000001B /* ChatCompletionResponse.swift */ = {isa = PBXFileReference; lastKnownFileType = sourcecode.swift; path = ChatCompletionResponse.swift; sourceTree = "<group>"; };
		AB000000000000000000001C /* OpenAIClient.swift */ = {isa = PBXFileReference; lastKnownFileType = sourcecode.swift; path = OpenAIClient.swift; sourceTree = "<group>"; };
		AB000000000000000000001D /* ChatViewModel.swift */ = {isa = PBXFileReference; lastKnownFileType = sourcecode.swift; path = ChatViewModel.swift; sourceTree = "<group>"; };
		AB000000000000000000001E /* ChatView.swift */ = {isa = PBXFileReference; lastKnownFileType = sourcecode.swift; path = ChatView.swift; sourceTree = "<group>"; };
		AB000000000000000000001F /* SettingsView.swift */ = {isa = PBXFileReference; lastKnownFileType = sourcecode.swift; path = SettingsView.swift; sourceTree = "<group>"; };
		AB0000000000000000000020 /* ChatSession.swift */ = {isa = PBXFileReference; lastKnownFileType = sourcecode.swift; path = ChatSession.swift; sourceTree = "<group>"; };
		AB0000000000000000000021 /* ChatStore.swift */ = {isa = PBXFileReference; lastKnownFileType = sourcecode.swift; path = ChatStore.swift; sourceTree = "<group>"; };
		AB0000000000000000000022 /* SessionListView.swift */ = {isa = PBXFileReference; lastKnownFileType = sourcecode.swift; path = SessionListView.swift; sourceTree = "<group>"; };
		AB0000000000000000000023 /* WorldBookEntry.swift */ = {isa = PBXFileReference; lastKnownFileType = sourcecode.swift; path = WorldBookEntry.swift; sourceTree = "<group>"; };
		AB0000000000000000000024 /* WorldBookStore.swift */ = {isa = PBXFileReference; lastKnownFileType = sourcecode.swift; path = WorldBookStore.swift; sourceTree = "<group>"; };
		AB0000000000000000000025 /* WorldBookService.swift */ = {isa = PBXFileReference; lastKnownFileType = sourcecode.swift; path = WorldBookService.swift; sourceTree = "<group>"; };
		AB0000000000000000000026 /* WorldBookView.swift */ = {isa = PBXFileReference; lastKnownFileType = sourcecode.swift; path = WorldBookView.swift; sourceTree = "<group>"; };
		AB0000000000000000000027 /* WorldBookEditView.swift */ = {isa = PBXFileReference; lastKnownFileType = sourcecode.swift; path = WorldBookEditView.swift; sourceTree = "<group>"; };
		AB0000000000000000000028 /* WorldBook.swift */ = {isa = PBXFileReference; lastKnownFileType = sourcecode.swift; path = WorldBook.swift; sourceTree = "<group>"; };
		AB0000000000000000000029 /* SessionDetailView.swift */ = {isa = PBXFileReference; lastKnownFileType = sourcecode.swift; path = SessionDetailView.swift; sourceTree = "<group>"; };
		AB0000000000000000000104 /* Preset.swift */ = {isa = PBXFileReference; lastKnownFileType = sourcecode.swift; path = Preset.swift; sourceTree = "<group>"; };
		AB0000000000000000000105 /* PresetStore.swift */ = {isa = PBXFileReference; lastKnownFileType = sourcecode.swift; path = PresetStore.swift; sourceTree = "<group>"; };
		AB0000000000000000000106 /* PresetListView.swift */ = {isa = PBXFileReference; lastKnownFileType = sourcecode.swift; path = PresetListView.swift; sourceTree = "<group>"; };
		AB0000000000000000000108 /* KeyboardDismiss.swift */ = {isa = PBXFileReference; lastKnownFileType = sourcecode.swift; path = KeyboardDismiss.swift; sourceTree = "<group>"; };
		AB0000000000000000000205 /* Character.swift */ = {isa = PBXFileReference; lastKnownFileType = sourcecode.swift; path = Character.swift; sourceTree = "<group>"; };
		AB0000000000000000000206 /* CharacterStore.swift */ = {isa = PBXFileReference; lastKnownFileType = sourcecode.swift; path = CharacterStore.swift; sourceTree = "<group>"; };
		AB0000000000000000000207 /* CharacterListView.swift */ = {isa = PBXFileReference; lastKnownFileType = sourcecode.swift; path = CharacterListView.swift; sourceTree = "<group>"; };
		AB0000000000000000000208 /* AvatarView.swift */ = {isa = PBXFileReference; lastKnownFileType = sourcecode.swift; path = AvatarView.swift; sourceTree = "<group>"; };
		AB000000000000000000020A /* ContextTrimMode.swift */ = {isa = PBXFileReference; lastKnownFileType = sourcecode.swift; path = ContextTrimMode.swift; sourceTree = "<group>"; };
		AB0000000000000000000210 /* MarkdownTextView.swift */ = {isa = PBXFileReference; lastKnownFileType = sourcecode.swift; path = MarkdownTextView.swift; sourceTree = "<group>"; };
		AB0000000000000000000211 /* MessageCard.swift */ = {isa = PBXFileReference; lastKnownFileType = sourcecode.swift; path = MessageCard.swift; sourceTree = "<group>"; };
		AB0000000000000000000212 /* CharacterGreetingSheet.swift */ = {isa = PBXFileReference; lastKnownFileType = sourcecode.swift; path = CharacterGreetingSheet.swift; sourceTree = "<group>"; };
		AB0000000000000000000213 /* EditMessageSheet.swift */ = {isa = PBXFileReference; lastKnownFileType = sourcecode.swift; path = EditMessageSheet.swift; sourceTree = "<group>"; };
		AB0000000000000000000214 /* NewSessionWithCharacterSheet.swift */ = {isa = PBXFileReference; lastKnownFileType = sourcecode.swift; path = NewSessionWithCharacterSheet.swift; sourceTree = "<group>"; };
		AB000000000000000000021F /* MessageRenderer.swift */ = {isa = PBXFileReference; lastKnownFileType = sourcecode.swift; path = MessageRenderer.swift; sourceTree = "<group>"; };
		AB0000000000000000000220 /* DisplayRegex.swift */ = {isa = PBXFileReference; lastKnownFileType = sourcecode.swift; path = DisplayRegex.swift; sourceTree = "<group>"; };
		AB0000000000000000000283 /* SillyTavernRegexScript.swift */ = {isa = PBXFileReference; lastKnownFileType = sourcecode.swift; path = SillyTavernRegexScript.swift; sourceTree = "<group>"; };
		AB0000000000000000000291 /* MessageRendererCore.swift */ = {isa = PBXFileReference; lastKnownFileType = sourcecode.swift; path = MessageRendererCore.swift; sourceTree = "<group>"; };
		AB0000000000000000000293 /* RenderEngine.swift */ = {isa = PBXFileReference; lastKnownFileType = sourcecode.swift; path = RenderEngine.swift; sourceTree = "<group>"; };
		AB0000000000000000000295 /* RenderInspectorView.swift */ = {isa = PBXFileReference; lastKnownFileType = sourcecode.swift; path = RenderInspectorView.swift; sourceTree = "<group>"; };
		AB0000000000000000000296 /* Shared.xcconfig */ = {isa = PBXFileReference; lastKnownFileType = text.xcconfig; path = Shared.xcconfig; sourceTree = "<group>"; };
		AB0000000000000000000298 /* Debug.xcconfig */ = {isa = PBXFileReference; lastKnownFileType = text.xcconfig; path = Debug.xcconfig; sourceTree = "<group>"; };
		AB0000000000000000000299 /* Release.xcconfig */ = {isa = PBXFileReference; lastKnownFileType = text.xcconfig; path = Release.xcconfig; sourceTree = "<group>"; };
		AB0000000000000000000221 /* MacroExpander.swift */ = {isa = PBXFileReference; lastKnownFileType = sourcecode.swift; path = MacroExpander.swift; sourceTree = "<group>"; };
		AB0000000000000000000281 /* AvatarImageCache.swift */ = {isa = PBXFileReference; lastKnownFileType = sourcecode.swift; path = AvatarImageCache.swift; sourceTree = "<group>"; };
		AB0000000000000000000222 /* DisplayRegexListView.swift */ = {isa = PBXFileReference; lastKnownFileType = sourcecode.swift; path = DisplayRegexListView.swift; sourceTree = "<group>"; };
		AB00000000000000000000A1 /* ImportSupport.swift */ = {isa = PBXFileReference; lastKnownFileType = sourcecode.swift; path = ImportSupport.swift; sourceTree = "<group>"; };
		AB00000000000000000000A3 /* DocumentPicker.swift */ = {isa = PBXFileReference; lastKnownFileType = sourcecode.swift; path = DocumentPicker.swift; sourceTree = "<group>"; };
		AB00000000000000000000A5 /* BackupService.swift */ = {isa = PBXFileReference; lastKnownFileType = sourcecode.swift; path = BackupService.swift; sourceTree = "<group>"; };
/* End PBXFileReference section */

/* Begin PBXFrameworksBuildPhase section */
		AB000000000000000000002A /* Frameworks */ = {
			isa = PBXFrameworksBuildPhase;
			buildActionMask = 2147483647;
			files = (
			);
			runOnlyForDeploymentPostprocessing = 0;
		};
/* End PBXFrameworksBuildPhase section */

/* Begin PBXGroup section */
		AB000000000000000000002B = {
			isa = PBXGroup;
			children = (
				AB000000000000000000002C /* Pyramid */,
				AB0000000000000000000031 /* Products */,
			);
			sourceTree = "<group>";
		};
		AB000000000000000000002C /* Pyramid */ = {
			isa = PBXGroup;
			children = (
				AB0000000000000000000016 /* PyramidApp.swift */,
				AB0000000000000000000017 /* ContentView.swift */,
				AB0000000000000000000019 /* AppSettings.swift */,
				AB000000000000000000002D /* Models */,
				AB000000000000000000002E /* Services */,
				AB000000000000000000002F /* ViewModels */,
				AB0000000000000000000030 /* Views */,
				AB0000000000000000000297 /* Configs */,
				AB0000000000000000000018 /* Assets.xcassets */,
			);
			path = Pyramid;
			sourceTree = "<group>";
		};
		AB000000000000000000002D /* Models */ = {
			isa = PBXGroup;
			children = (
				AB000000000000000000001A /* ChatMessage.swift */,
				AB000000000000000000001B /* ChatCompletionResponse.swift */,
				AB0000000000000000000020 /* ChatSession.swift */,
				AB0000000000000000000023 /* WorldBookEntry.swift */,
				AB0000000000000000000028 /* WorldBook.swift */,
				AB0000000000000000000104 /* Preset.swift */,
				AB0000000000000000000205 /* Character.swift */,
				AB000000000000000000020A /* ContextTrimMode.swift */,
				AB000000000000000000021F /* MessageRenderer.swift */,
				AB0000000000000000000220 /* DisplayRegex.swift */,
				AB0000000000000000000283 /* SillyTavernRegexScript.swift */,
				AB0000000000000000000291 /* MessageRendererCore.swift */,
				AB0000000000000000000293 /* RenderEngine.swift */,
				AB0000000000000000000221 /* MacroExpander.swift */,
			);
			path = Models;
			sourceTree = "<group>";
		};
		AB000000000000000000002E /* Services */ = {
			isa = PBXGroup;
			children = (
				AB000000000000000000001C /* OpenAIClient.swift */,
				AB0000000000000000000025 /* WorldBookService.swift */,
				AB00000000000000000000A1 /* ImportSupport.swift */,
				AB00000000000000000000A3 /* DocumentPicker.swift */,
				AB00000000000000000000A5 /* BackupService.swift */,
			);
			path = Services;
			sourceTree = "<group>";
		};
		AB000000000000000000002F /* ViewModels */ = {
			isa = PBXGroup;
			children = (
				AB000000000000000000001D /* ChatViewModel.swift */,
				AB0000000000000000000021 /* ChatStore.swift */,
				AB0000000000000000000024 /* WorldBookStore.swift */,
				AB0000000000000000000105 /* PresetStore.swift */,
				AB0000000000000000000206 /* CharacterStore.swift */,
			);
			path = ViewModels;
			sourceTree = "<group>";
		};
		AB0000000000000000000297 /* Configs */ = {
			isa = PBXGroup;
			children = (
				AB0000000000000000000296 /* Shared.xcconfig */,
				AB0000000000000000000298 /* Debug.xcconfig */,
				AB0000000000000000000299 /* Release.xcconfig */,
			);
			path = Configs;
			sourceTree = "<group>";
		};
		AB0000000000000000000030 /* Views */ = {
			isa = PBXGroup;
			children = (
				AB000000000000000000001E /* ChatView.swift */,
				AB000000000000000000001F /* SettingsView.swift */,
				AB0000000000000000000022 /* SessionListView.swift */,
				AB0000000000000000000026 /* WorldBookView.swift */,
				AB0000000000000000000027 /* WorldBookEditView.swift */,
				AB0000000000000000000029 /* SessionDetailView.swift */,
				AB0000000000000000000106 /* PresetListView.swift */,
				AB0000000000000000000108 /* KeyboardDismiss.swift */,
				AB0000000000000000000207 /* CharacterListView.swift */,
				AB0000000000000000000208 /* AvatarView.swift */,
				AB0000000000000000000210 /* MarkdownTextView.swift */,
				AB0000000000000000000211 /* MessageCard.swift */,
				AB0000000000000000000212 /* CharacterGreetingSheet.swift */,
				AB0000000000000000000213 /* EditMessageSheet.swift */,
				AB0000000000000000000214 /* NewSessionWithCharacterSheet.swift */,
				AB0000000000000000000222 /* DisplayRegexListView.swift */,
				AB0000000000000000000281 /* AvatarImageCache.swift */,
				AB0000000000000000000295 /* RenderInspectorView.swift */,
			);
			path = Views;
			sourceTree = "<group>";
		};
		AB0000000000000000000031 /* Products */ = {
			isa = PBXGroup;
			children = (
				AB0000000000000000000015 /* Pyramid.app */,
			);
			name = Products;
			sourceTree = "<group>";
		};
/* End PBXGroup section */

/* Begin PBXNativeTarget section */
		AB0000000000000000000032 /* Pyramid */ = {
			isa = PBXNativeTarget;
			buildConfigurationList = AB000000000000000000003B /* Build configuration list for PBXNativeTarget "Pyramid" */;
			buildPhases = (
				AB0000000000000000000035 /* Sources */,
				AB000000000000000000002A /* Frameworks */,
				AB0000000000000000000034 /* Resources */,
			);
			buildRules = (
			);
			dependencies = (
			);
			name = Pyramid;
			productName = Pyramid;
			productReference = AB0000000000000000000015 /* Pyramid.app */;
			productType = "com.apple.product-type.application";
		};
/* End PBXNativeTarget section */

/* Begin PBXProject section */
		AB0000000000000000000033 /* Project object */ = {
			isa = PBXProject;
			attributes = {
				BuildIndependentTargetsInParallel = 1;
				LastSwiftUpdateCheck = 1500;
				LastUpgradeCheck = 1500;
				TargetAttributes = {
					AB0000000000000000000032 = {
						CreatedOnToolsVersion = 15.0;
					};
				};
			};
			buildConfigurationList = AB000000000000000000003A /* Build configuration list for PBXProject "Pyramid" */;
			compatibilityVersion = "Xcode 14.0";
			developmentRegion = en;
			hasScannedForEncodings = 0;
			knownRegions = (
				en,
				Base,
			);
			mainGroup = AB000000000000000000002B;
			productRefGroup = AB0000000000000000000031 /* Products */;
			projectDirPath = "";
			projectRoot = "";
			targets = (
				AB0000000000000000000032 /* Pyramid */,
			);
		};
/* End PBXProject section */

/* Begin PBXResourcesBuildPhase section */
		AB0000000000000000000034 /* Resources */ = {
			isa = PBXResourcesBuildPhase;
			buildActionMask = 2147483647;
			files = (
				AB0000000000000000000003 /* Assets.xcassets in Resources */,
			);
			runOnlyForDeploymentPostprocessing = 0;
		};
/* End PBXResourcesBuildPhase section */

/* Begin PBXSourcesBuildPhase section */
		AB0000000000000000000035 /* Sources */ = {
			isa = PBXSourcesBuildPhase;
			buildActionMask = 2147483647;
			files = (
				AB0000000000000000000001 /* PyramidApp.swift in Sources */,
				AB0000000000000000000002 /* ContentView.swift in Sources */,
				AB0000000000000000000004 /* AppSettings.swift in Sources */,
				AB0000000000000000000005 /* ChatMessage.swift in Sources */,
				AB0000000000000000000006 /* ChatCompletionResponse.swift in Sources */,
				AB0000000000000000000007 /* OpenAIClient.swift in Sources */,
				AB0000000000000000000008 /* ChatViewModel.swift in Sources */,
				AB0000000000000000000009 /* ChatView.swift in Sources */,
				AB000000000000000000000A /* SettingsView.swift in Sources */,
				AB000000000000000000000B /* ChatSession.swift in Sources */,
				AB000000000000000000000C /* ChatStore.swift in Sources */,
				AB000000000000000000000D /* SessionListView.swift in Sources */,
				AB000000000000000000000E /* WorldBookEntry.swift in Sources */,
				AB000000000000000000000F /* WorldBookStore.swift in Sources */,
				AB0000000000000000000010 /* WorldBookService.swift in Sources */,
				AB0000000000000000000011 /* WorldBookView.swift in Sources */,
				AB0000000000000000000012 /* WorldBookEditView.swift in Sources */,
				AB0000000000000000000013 /* WorldBook.swift in Sources */,
				AB0000000000000000000014 /* SessionDetailView.swift in Sources */,
				AB0000000000000000000101 /* Preset.swift in Sources */,
				AB0000000000000000000102 /* PresetStore.swift in Sources */,
				AB0000000000000000000103 /* PresetListView.swift in Sources */,
				AB0000000000000000000107 /* KeyboardDismiss.swift in Sources */,
				AB0000000000000000000201 /* Character.swift in Sources */,
				AB0000000000000000000202 /* CharacterStore.swift in Sources */,
				AB0000000000000000000203 /* CharacterListView.swift in Sources */,
				AB0000000000000000000204 /* AvatarView.swift in Sources */,
				AB0000000000000000000280 /* AvatarImageCache.swift in Sources */,
				AB0000000000000000000209 /* ContextTrimMode.swift in Sources */,
				AB000000000000000000020B /* MarkdownTextView.swift in Sources */,
				AB000000000000000000020C /* MessageCard.swift in Sources */,
				AB000000000000000000020D /* CharacterGreetingSheet.swift in Sources */,
				AB000000000000000000020E /* EditMessageSheet.swift in Sources */,
				AB000000000000000000020F /* NewSessionWithCharacterSheet.swift in Sources */,
				AB0000000000000000000215 /* MessageRenderer.swift in Sources */,
				AB0000000000000000000216 /* DisplayRegex.swift in Sources */,
				AB0000000000000000000282 /* SillyTavernRegexScript.swift in Sources */,
				AB0000000000000000000290 /* MessageRendererCore.swift in Sources */,
				AB0000000000000000000292 /* RenderEngine.swift in Sources */,
				AB0000000000000000000217 /* MacroExpander.swift in Sources */,
				AB0000000000000000000218 /* DisplayRegexListView.swift in Sources */,
				AB00000000000000000000A2 /* ImportSupport.swift in Sources */,
				AB00000000000000000000A4 /* DocumentPicker.swift in Sources */,
				AB00000000000000000000A6 /* BackupService.swift in Sources */,
				AB0000000000000000000294 /* RenderInspectorView.swift in Sources */,
			);
			runOnlyForDeploymentPostprocessing = 0;
		};
/* End PBXSourcesBuildPhase section */

/* Begin XCBuildConfiguration section */
		AB0000000000000000000036 /* Debug */ = {
			isa = XCBuildConfiguration;
			baseConfigurationReference = AB0000000000000000000298 /* Debug.xcconfig */;
			buildSettings = {
				ALWAYS_SEARCH_USER_PATHS = NO;
				ASSETCATALOG_COMPILER_GENERATE_SWIFT_ASSET_SYMBOL_EXTENSIONS = YES;
				CLANG_ANALYZER_NONNULL = YES;
				CLANG_ANALYZER_NUMBER_OBJECT_CONVERSION = YES_AGGRESSIVE;
				CLANG_CXX_LANGUAGE_STANDARD = "gnu++20";
				CLANG_ENABLE_MODULES = YES;
				CLANG_ENABLE_OBJC_ARC = YES;
				CLANG_ENABLE_OBJC_WEAK = YES;
				CLANG_WARN_BLOCK_CAPTURE_AUTORELEASING = YES;
				CLANG_WARN_BOOL_CONVERSION = YES;
				CLANG_WARN_COMMA = YES;
				CLANG_WARN_CONSTANT_CONVERSION = YES;
				CLANG_WARN_DEPRECATED_OBJC_IMPLEMENTATIONS = YES;
				CLANG_WARN_DIRECT_OBJC_ISA_USAGE = YES_ERROR;
				CLANG_WARN_DOCUMENTATION_COMMENTS = YES;
				CLANG_WARN_EMPTY_BODY = YES;
				CLANG_WARN_ENUM_CONVERSION = YES;
				CLANG_WARN_INFINITE_RECURSION = YES;
				CLANG_WARN_INT_CONVERSION = YES;
				CLANG_WARN_NON_LITERAL_NULL_CONVERSION = YES;
				CLANG_WARN_OBJC_IMPLICIT_RETAIN_SELF = YES;
				CLANG_WARN_OBJC_LITERAL_CONVERSION = YES;
				CLANG_WARN_OBJC_ROOT_CLASS = YES_ERROR;
				CLANG_WARN_QUOTED_INCLUDE_IN_FRAMEWORK_HEADER = YES;
				CLANG_WARN_RANGE_LOOP_ANALYSIS = YES;
				CLANG_WARN_STRICT_PROTOTYPES = YES;
				CLANG_WARN_SUSPICIOUS_MOVE = YES;
				CLANG_WARN_UNGUARDED_AVAILABILITY = YES_AGGRESSIVE;
				CLANG_WARN_UNREACHABLE_CODE = YES;
				CLANG_WARN__DUPLICATE_METHOD_MATCH = YES;
				COPY_PHASE_STRIP = NO;
				DEBUG_INFORMATION_FORMAT = dwarf;
				ENABLE_STRICT_OBJC_MSGSEND = YES;
				ENABLE_TESTABILITY = YES;
				ENABLE_USER_SCRIPT_SANDBOXING = YES;
				GCC_C_LANGUAGE_STANDARD = gnu17;
				GCC_DYNAMIC_NO_PIC = NO;
				GCC_NO_COMMON_BLOCKS = YES;
				GCC_OPTIMIZATION_LEVEL = 0;
				GCC_WARN_64_TO_32_BIT_CONVERSION = YES;
				GCC_WARN_ABOUT_RETURN_TYPE = YES_ERROR;
				GCC_WARN_UNDECLARED_SELECTOR = YES;
				GCC_WARN_UNINITIALIZED_AUTOS = YES_AGGRESSIVE;
				GCC_WARN_UNUSED_FUNCTION = YES;
				GCC_WARN_UNUSED_VARIABLE = YES;
				IPHONEOS_DEPLOYMENT_TARGET = 17.0;
				LOCALIZATION_PREFERS_STRING_CATALOGS = YES;
				MTL_ENABLE_DEBUG_INFO = INCLUDE_SOURCE;
				MTL_FAST_MATH = YES;
				ONLY_ACTIVE_ARCH = YES;
				SDKROOT = iphoneos;
				SWIFT_ACTIVE_COMPILATION_CONDITIONS = "DEBUG $(inherited)";
				SWIFT_OPTIMIZATION_LEVEL = "-Onone";
			};
			name = Debug;
		};
		AB0000000000000000000037 /* Release */ = {
			isa = XCBuildConfiguration;
			baseConfigurationReference = AB0000000000000000000299 /* Release.xcconfig */;
			buildSettings = {
				ALWAYS_SEARCH_USER_PATHS = NO;
				ASSETCATALOG_COMPILER_GENERATE_SWIFT_ASSET_SYMBOL_EXTENSIONS = YES;
				CLANG_ANALYZER_NONNULL = YES;
				CLANG_ANALYZER_NUMBER_OBJECT_CONVERSION = YES_AGGRESSIVE;
				CLANG_CXX_LANGUAGE_STANDARD = "gnu++20";
				CLANG_ENABLE_MODULES = YES;
				CLANG_ENABLE_OBJC_ARC = YES;
				CLANG_ENABLE_OBJC_WEAK = YES;
				CLANG_WARN_BLOCK_CAPTURE_AUTORELEASING = YES;
				CLANG_WARN_BOOL_CONVERSION = YES;
				CLANG_WARN_COMMA = YES;
				CLANG_WARN_CONSTANT_CONVERSION = YES;
				CLANG_WARN_DEPRECATED_OBJC_IMPLEMENTATIONS = YES;
				CLANG_WARN_DIRECT_OBJC_ISA_USAGE = YES_ERROR;
				CLANG_WARN_DOCUMENTATION_COMMENTS = YES;
				CLANG_WARN_EMPTY_BODY = YES;
				CLANG_WARN_ENUM_CONVERSION = YES;
				CLANG_WARN_INFINITE_RECURSION = YES;
				CLANG_WARN_INT_CONVERSION = YES;
				CLANG_WARN_NON_LITERAL_NULL_CONVERSION = YES;
				CLANG_WARN_OBJC_IMPLICIT_RETAIN_SELF = YES;
				CLANG_WARN_OBJC_LITERAL_CONVERSION = YES;
				CLANG_WARN_OBJC_ROOT_CLASS = YES_ERROR;
				CLANG_WARN_QUOTED_INCLUDE_IN_FRAMEWORK_HEADER = YES;
				CLANG_WARN_RANGE_LOOP_ANALYSIS = YES;
				CLANG_WARN_STRICT_PROTOTYPES = YES;
				CLANG_WARN_SUSPICIOUS_MOVE = YES;
				CLANG_WARN_UNGUARDED_AVAILABILITY = YES_AGGRESSIVE;
				CLANG_WARN_UNREACHABLE_CODE = YES;
				CLANG_WARN__DUPLICATE_METHOD_MATCH = YES;
				COPY_PHASE_STRIP = NO;
				DEBUG_INFORMATION_FORMAT = "dwarf-with-dsym";
				ENABLE_NS_ASSERTIONS = NO;
				ENABLE_STRICT_OBJC_MSGSEND = YES;
				ENABLE_USER_SCRIPT_SANDBOXING = YES;
				GCC_C_LANGUAGE_STANDARD = gnu17;
				GCC_NO_COMMON_BLOCKS = YES;
				GCC_WARN_64_TO_32_BIT_CONVERSION = YES;
				GCC_WARN_ABOUT_RETURN_TYPE = YES_ERROR;
				GCC_WARN_UNDECLARED_SELECTOR = YES;
				GCC_WARN_UNINITIALIZED_AUTOS = YES_AGGRESSIVE;
				GCC_WARN_UNUSED_FUNCTION = YES;
				GCC_WARN_UNUSED_VARIABLE = YES;
				IPHONEOS_DEPLOYMENT_TARGET = 17.0;
				LOCALIZATION_PREFERS_STRING_CATALOGS = YES;
				MTL_ENABLE_DEBUG_INFO = NO;
				MTL_FAST_MATH = YES;
				SDKROOT = iphoneos;
				SWIFT_COMPILATION_MODE = wholemodule;
				VALIDATE_PRODUCT = YES;
			};
			name = Release;
		};
		AB0000000000000000000038 /* Debug */ = {
			isa = XCBuildConfiguration;
			baseConfigurationReference = AB0000000000000000000298 /* Debug.xcconfig */;
			buildSettings = {
				ASSETCATALOG_COMPILER_APPICON_NAME = AppIcon;
				ASSETCATALOG_COMPILER_GLOBAL_ACCENT_COLOR_NAME = AccentColor;
				CODE_SIGN_STYLE = Automatic;
				CURRENT_PROJECT_VERSION = 1;
				DEVELOPMENT_ASSET_PATHS = "";
				ENABLE_PREVIEWS = YES;
				GENERATE_INFOPLIST_FILE = YES;
				INFOPLIST_KEY_UIApplicationSceneManifest_Generation = YES;
				INFOPLIST_KEY_UIApplicationSupportsIndirectInputEvents = YES;
				INFOPLIST_KEY_UILaunchScreen_Generation = YES;
				INFOPLIST_KEY_UISupportedInterfaceOrientations_iPad = "UIInterfaceOrientationPortrait UIInterfaceOrientationPortraitUpsideDown UIInterfaceOrientationLandscapeLeft UIInterfaceOrientationLandscapeRight";
				INFOPLIST_KEY_UISupportedInterfaceOrientations_iPhone = "UIInterfaceOrientationPortrait UIInterfaceOrientationLandscapeLeft UIInterfaceOrientationLandscapeRight";
				LD_RUNPATH_SEARCH_PATHS = (
					"$(inherited)",
					"@executable_path/Frameworks",
				);
				MARKETING_VERSION = 0.7;
				PRODUCT_BUNDLE_IDENTIFIER = com.pyramid.ios;
				PRODUCT_NAME = "$(TARGET_NAME)";
				SWIFT_EMIT_LOC_STRINGS = YES;
				SWIFT_VERSION = 5.0;
				TARGETED_DEVICE_FAMILY = "1,2";
			};
			name = Debug;
		};
		AB0000000000000000000039 /* Release */ = {
			isa = XCBuildConfiguration;
			baseConfigurationReference = AB0000000000000000000299 /* Release.xcconfig */;
			buildSettings = {
				ASSETCATALOG_COMPILER_APPICON_NAME = AppIcon;
				ASSETCATALOG_COMPILER_GLOBAL_ACCENT_COLOR_NAME = AccentColor;
				CODE_SIGN_STYLE = Automatic;
				CURRENT_PROJECT_VERSION = 1;
				DEVELOPMENT_ASSET_PATHS = "";
				ENABLE_PREVIEWS = YES;
				GENERATE_INFOPLIST_FILE = YES;
				INFOPLIST_KEY_UIApplicationSceneManifest_Generation = YES;
				INFOPLIST_KEY_UIApplicationSupportsIndirectInputEvents = YES;
				INFOPLIST_KEY_UILaunchScreen_Generation = YES;
				INFOPLIST_KEY_UISupportedInterfaceOrientations_iPad = "UIInterfaceOrientationPortrait UIInterfaceOrientationPortraitUpsideDown UIInterfaceOrientationLandscapeLeft UIInterfaceOrientationLandscapeRight";
				INFOPLIST_KEY_UISupportedInterfaceOrientations_iPhone = "UIInterfaceOrientationPortrait UIInterfaceOrientationLandscapeLeft UIInterfaceOrientationLandscapeRight";
				LD_RUNPATH_SEARCH_PATHS = (
					"$(inherited)",
					"@executable_path/Frameworks",
				);
				MARKETING_VERSION = 0.7;
				PRODUCT_BUNDLE_IDENTIFIER = com.pyramid.ios;
				PRODUCT_NAME = "$(TARGET_NAME)";
				SWIFT_EMIT_LOC_STRINGS = YES;
				SWIFT_VERSION = 5.0;
				TARGETED_DEVICE_FAMILY = "1,2";
			};
			name = Release;
		};
/* End XCBuildConfiguration section */

/* Begin XCConfigurationList section */
		AB000000000000000000003A /* Build configuration list for PBXProject "Pyramid" */ = {
			isa = XCConfigurationList;
			buildConfigurations = (
				AB0000000000000000000036 /* Debug */,
				AB0000000000000000000037 /* Release */,
			);
			defaultConfigurationIsVisible = 0;
			defaultConfigurationName = Release;
		};
		AB000000000000000000003B /* Build configuration list for PBXNativeTarget "Pyramid" */ = {
			isa = XCConfigurationList;
			buildConfigurations = (
				AB0000000000000000000038 /* Debug */,
				AB0000000000000000000039 /* Release */,
			);
			defaultConfigurationIsVisible = 0;
			defaultConfigurationName = Release;
		};
/* End XCConfigurationList section */
	};
	rootObject = AB0000000000000000000033 /* Project object */;
}
